
Microsoft Visual Studio Solution File, Format Version 12.00
# Visual Studio Version 17
VisualStudioVersion = 17.7.34031.279
MinimumVisualStudioVersion = 10.0.40219.1
Project("{9A19103F-16F7-4668-BE54-9A1E7A4F7556}") = "BowlingGameApplication", "BowlingGameApplication\BowlingGameApplication.csproj", "{65854A40-237B-4ECB-A85F-47D71AC7065E}"
EndProject
Project("{9A19103F-16F7-4668-BE54-9A1E7A4F7556}") = "BowlingService", "BowlingService\BowlingService.csproj", "{F31E1056-0EB3-4B30-AB27-C4CAEF2AE840}"
EndProject
Project("{9A19103F-16F7-4668-BE54-9A1E7A4F7556}") = "BowlingService.Test", "BowlingService.Test\BowlingService.Test.csproj", "{8A34DA45-3EC3-4CC6-8CE8-4DAC545B6848}"
EndProject
Global
	GlobalSection(SolutionConfigurationPlatforms) = preSolution
		Debug|Any CPU = Debug|Any CPU
		Release|Any CPU = Release|Any CPU
	EndGlobalSection
	GlobalSection(ProjectConfigurationPlatforms) = postSolution
		{65854A40-237B-4ECB-A85F-47D71AC7065E}.Debug|Any CPU.ActiveCfg = Debug|Any CPU
		{65854A40-237B-4ECB-A85F-47D71AC7065E}.Debug|Any CPU.Build.0 = Debug|Any CPU
		{65854A40-237B-4ECB-A85F-47D71AC7065E}.Release|Any CPU.ActiveCfg = Release|Any CPU
		{65854A40-237B-4ECB-A85F-47D71AC7065E}.Release|Any CPU.Build.0 = Release|Any CPU
		{F31E1056-0EB3-4B30-AB27-C4CAEF2AE840}.Debug|Any CPU.ActiveCfg = Debug|Any CPU
		{F31E1056-0EB3-4B30-AB27-C4CAEF2AE840}.Debug|Any CPU.Build.0 = Debug|Any CPU
		{F31E1056-0EB3-4B30-AB27-C4CAEF2AE840}.Release|Any CPU.ActiveCfg = Release|Any CPU
		{F31E1056-0EB3-4B30-AB27-C4CAEF2AE840}.Release|Any CPU.Build.0 = Release|Any CPU
		{8A34DA45-3EC3-4CC6-8CE8-4DAC545B6848}.Debug|Any CPU.ActiveCfg = Debug|Any CPU
		{8A34DA45-3EC3-4CC6-8CE8-4DAC545B6848}.Debug|Any CPU.Build.0 = Debug|Any CPU
		{8A34DA45-3EC3-4CC6-8CE8-4DAC545B6848}.Release|Any CPU.ActiveCfg = Release|Any CPU
		{8A34DA45-3EC3-4CC6-8CE8-4DAC545B6848}.Release|Any CPU.Build.0 = Release|Any CPU
	EndGlobalSection
	GlobalSection(SolutionProperties) = preSolution
		HideSolutionNode = FALSE
	EndGlobalSection
	GlobalSection(ExtensibilityGlobals) = postSolution
		SolutionGuid = {F4C50151-8CA7-4526-9FE2-2DBB6AB0C880}
	EndGlobalSection
EndGlobal
